
Microsoft Visual Studio Solution File, Format Version 12.00
# Visual Studio Version 17
VisualStudioVersion = 17.8.34330.188
MinimumVisualStudioVersion = 10.0.40219.1
Project("{FAE04EC0-301F-11D3-BF4B-00C04F79EFBC}") = "CursoCsharp", "CursoCsharp\CursoCsharp.csproj", "{C3DEF6E7-769F-49E4-AF10-7AE0DAB562A7}"
EndProject
Global
	GlobalSection(SolutionConfigurationPlatforms) = preSolution
		Debug|Any CPU = Debug|Any CPU
		Release|Any CPU = Release|Any CPU
	EndGlobalSection
	GlobalSection(ProjectConfigurationPlatforms) = postSolution
		{C3DEF6E7-769F-49E4-AF10-7AE0DAB562A7}.Debug|Any CPU.ActiveCfg = Debug|Any CPU
		{C3DEF6E7-769F-49E4-AF10-7AE0DAB562A7}.Debug|Any CPU.Build.0 = Debug|Any CPU
		{C3DEF6E7-769F-49E4-AF10-7AE0DAB562A7}.Release|Any CPU.ActiveCfg = Release|Any CPU
		{C3DEF6E7-769F-49E4-AF10-7AE0DAB562A7}.Release|Any CPU.Build.0 = Release|Any CPU
	EndGlobalSection
	GlobalSection(SolutionProperties) = preSolution
		HideSolutionNode = FALSE
	EndGlobalSection
	GlobalSection(ExtensibilityGlobals) = postSolution
		SolutionGuid = {171FEC41-3009-4BB6-9384-356733FF9C26}
	EndGlobalSection
EndGlobal
